
Microsoft Visual Studio Solution File, Format Version 12.00
# Visual Studio Version 17
VisualStudioVersion = 17.3.32811.315
MinimumVisualStudioVersion = 10.0.40219.1
Project("{9A19103F-16F7-4668-BE54-9A1E7A4F7556}") = "DapperExample.DataAccess", "DapperExample.DataAccess\DapperExample.DataAccess.csproj", "{470881B0-26E4-46C0-B82A-96D7EA8F57D3}"
EndProject
Project("{9A19103F-16F7-4668-BE54-9A1E7A4F7556}") = "DapperExample.Business", "DapperExample.Business\DapperExample.Business.csproj", "{072B45A4-25D3-4243-B5D3-1F0CA97417F6}"
EndProject
Project("{9A19103F-16F7-4668-BE54-9A1E7A4F7556}") = "DapperExample.Entities", "DapperExample.Entities\DapperExample.Entities.csproj", "{C9AF65E0-B13F-4E4F-A3BB-5EA4615B27AF}"
EndProject
Project("{9A19103F-16F7-4668-BE54-9A1E7A4F7556}") = "DapperExample.UI", "DapperExample.UI\DapperExample.UI.csproj", "{2A6C7FE1-1845-4C45-93B4-95B5393F4AB4}"
EndProject
Global
	GlobalSection(SolutionConfigurationPlatforms) = preSolution
		Debug|Any CPU = Debug|Any CPU
		Release|Any CPU = Release|Any CPU
	EndGlobalSection
	GlobalSection(ProjectConfigurationPlatforms) = postSolution
		{470881B0-26E4-46C0-B82A-96D7EA8F57D3}.Debug|Any CPU.ActiveCfg = Debug|Any CPU
		{470881B0-26E4-46C0-B82A-96D7EA8F57D3}.Debug|Any CPU.Build.0 = Debug|Any CPU
		{470881B0-26E4-46C0-B82A-96D7EA8F57D3}.Release|Any CPU.ActiveCfg = Release|Any CPU
		{470881B0-26E4-46C0-B82A-96D7EA8F57D3}.Release|Any CPU.Build.0 = Release|Any CPU
		{072B45A4-25D3-4243-B5D3-1F0CA97417F6}.Debug|Any CPU.ActiveCfg = Debug|Any CPU
		{072B45A4-25D3-4243-B5D3-1F0CA97417F6}.Debug|Any CPU.Build.0 = Debug|Any CPU
		{072B45A4-25D3-4243-B5D3-1F0CA97417F6}.Release|Any CPU.ActiveCfg = Release|Any CPU
		{072B45A4-25D3-4243-B5D3-1F0CA97417F6}.Release|Any CPU.Build.0 = Release|Any CPU
		{C9AF65E0-B13F-4E4F-A3BB-5EA4615B27AF}.Debug|Any CPU.ActiveCfg = Debug|Any CPU
		{C9AF65E0-B13F-4E4F-A3BB-5EA4615B27AF}.Debug|Any CPU.Build.0 = Debug|Any CPU
		{C9AF65E0-B13F-4E4F-A3BB-5EA4615B27AF}.Release|Any CPU.ActiveCfg = Release|Any CPU
		{C9AF65E0-B13F-4E4F-A3BB-5EA4615B27AF}.Release|Any CPU.Build.0 = Release|Any CPU
		{2A6C7FE1-1845-4C45-93B4-95B5393F4AB4}.Debug|Any CPU.ActiveCfg = Debug|Any CPU
		{2A6C7FE1-1845-4C45-93B4-95B5393F4AB4}.Debug|Any CPU.Build.0 = Debug|Any CPU
		{2A6C7FE1-1845-4C45-93B4-95B5393F4AB4}.Release|Any CPU.ActiveCfg = Release|Any CPU
		{2A6C7FE1-1845-4C45-93B4-95B5393F4AB4}.Release|Any CPU.Build.0 = Release|Any CPU
	EndGlobalSection
	GlobalSection(SolutionProperties) = preSolution
		HideSolutionNode = FALSE
	EndGlobalSection
	GlobalSection(ExtensibilityGlobals) = postSolution
		SolutionGuid = {6402FBF0-7E03-41FE-85F2-D1998F907AB2}
	EndGlobalSection
EndGlobal
